
Microsoft Visual Studio Solution File, Format Version 12.00
# Visual Studio Version 16
VisualStudioVersion = 16.0.29806.167
MinimumVisualStudioVersion = 10.0.40219.1
Project("{FAE04EC0-301F-11D3-BF4B-00C04F79EFBC}") = "БЧХ", "БЧХ.csproj", "{EC45B26B-FA12-42CD-86C2-9CF78A5139B7}"
EndProject
Global
	GlobalSection(SolutionConfigurationPlatforms) = preSolution
		Debug|Any CPU = Debug|Any CPU
		Release|Any CPU = Release|Any CPU
	EndGlobalSection
	GlobalSection(ProjectConfigurationPlatforms) = postSolution
		{EC45B26B-FA12-42CD-86C2-9CF78A5139B7}.Debug|Any CPU.ActiveCfg = Debug|Any CPU
		{EC45B26B-FA12-42CD-86C2-9CF78A5139B7}.Debug|Any CPU.Build.0 = Debug|Any CPU
		{EC45B26B-FA12-42CD-86C2-9CF78A5139B7}.Release|Any CPU.ActiveCfg = Release|Any CPU
		{EC45B26B-FA12-42CD-86C2-9CF78A5139B7}.Release|Any CPU.Build.0 = Release|Any CPU
	EndGlobalSection
	GlobalSection(SolutionProperties) = preSolution
		HideSolutionNode = FALSE
	EndGlobalSection
	GlobalSection(ExtensibilityGlobals) = postSolution
		SolutionGuid = {FF412E5D-4284-4F53-BA31-A0075ADBB75C}
	EndGlobalSection
EndGlobal
